// !$*UTF8*$!
{
	archiveVersion = 1;
	classes = {
	};
	objectVersion = 56;
	objects = {

/* Begin PBXBuildFile section */
		CFB3AB0D299773B10088E1C3 /* AppDelegate.swift in Sources */ = {isa = PBXBuildFile; fileRef = CFB3AB0C299773B10088E1C3 /* AppDelegate.swift */; };
		CFB3AB0F299773B10088E1C3 /* SceneDelegate.swift in Sources */ = {isa = PBXBuildFile; fileRef = CFB3AB0E299773B10088E1C3 /* SceneDelegate.swift */; };
		CFB3AB11299773B10088E1C3 /* MainTabBarViewController.swift in Sources */ = {isa = PBXBuildFile; fileRef = CFB3AB10299773B10088E1C3 /* MainTabBarViewController.swift */; };
		CFB3AB16299773B30088E1C3 /* Assets.xcassets in Resources */ = {isa = PBXBuildFile; fileRef = CFB3AB15299773B30088E1C3 /* Assets.xcassets */; };
		CFB3AB19299773B30088E1C3 /* LaunchScreen.storyboard in Resources */ = {isa = PBXBuildFile; fileRef = CFB3AB17299773B30088E1C3 /* LaunchScreen.storyboard */; };
		CFB3AB24299773B30088E1C3 /* padamTests.swift in Sources */ = {isa = PBXBuildFile; fileRef = CFB3AB23299773B30088E1C3 /* padamTests.swift */; };
		CFB3AB2E299773B40088E1C3 /* padamUITests.swift in Sources */ = {isa = PBXBuildFile; fileRef = CFB3AB2D299773B40088E1C3 /* padamUITests.swift */; };
		CFB3AB30299773B40088E1C3 /* padamUITestsLaunchTests.swift in Sources */ = {isa = PBXBuildFile; fileRef = CFB3AB2F299773B40088E1C3 /* padamUITestsLaunchTests.swift */; };
		CFB3AB3E299787D40088E1C3 /* HomeViewController.swift in Sources */ = {isa = PBXBuildFile; fileRef = CFB3AB3D299787D40088E1C3 /* HomeViewController.swift */; };
		CFB3AB402997884D0088E1C3 /* UpComingViewController.swift in Sources */ = {isa = PBXBuildFile; fileRef = CFB3AB3F2997884D0088E1C3 /* UpComingViewController.swift */; };
		CFB3AB42299788E30088E1C3 /* SearchViewController.swift in Sources */ = {isa = PBXBuildFile; fileRef = CFB3AB41299788E30088E1C3 /* SearchViewController.swift */; };
		CFB3AB44299788F60088E1C3 /* DownnloadsViewController.swift in Sources */ = {isa = PBXBuildFile; fileRef = CFB3AB43299788F60088E1C3 /* DownnloadsViewController.swift */; };
/* End PBXBuildFile section */

/* Begin PBXContainerItemProxy section */
		CFB3AB20299773B30088E1C3 /* PBXContainerItemProxy */ = {
			isa = PBXContainerItemProxy;
			containerPortal = CFB3AB01299773B10088E1C3 /* Project object */;
			proxyType = 1;
			remoteGlobalIDString = CFB3AB08299773B10088E1C3;
			remoteInfo = padam;
		};
		CFB3AB2A299773B40088E1C3 /* PBXContainerItemProxy */ = {
			isa = PBXContainerItemProxy;
			containerPortal = CFB3AB01299773B10088E1C3 /* Project object */;
			proxyType = 1;
			remoteGlobalIDString = CFB3AB08299773B10088E1C3;
			remoteInfo = padam;
		};
/* End PBXContainerItemProxy section */

/* Begin PBXFileReference section */
		CFB3AB09299773B10088E1C3 /* padam.app */ = {isa = PBXFileReference; explicitFileType = wrapper.application; includeInIndex = 0; path = padam.app; sourceTree = BUILT_PRODUCTS_DIR; };
		CFB3AB0C299773B10088E1C3 /* AppDelegate.swift */ = {isa = PBXFileReference; lastKnownFileType = sourcecode.swift; path = AppDelegate.swift; sourceTree = "<group>"; };
		CFB3AB0E299773B10088E1C3 /* SceneDelegate.swift */ = {isa = PBXFileReference; lastKnownFileType = sourcecode.swift; path = SceneDelegate.swift; sourceTree = "<group>"; };
		CFB3AB10299773B10088E1C3 /* MainTabBarViewController.swift */ = {isa = PBXFileReference; lastKnownFileType = sourcecode.swift; path = MainTabBarViewController.swift; sourceTree = "<group>"; };
		CFB3AB15299773B30088E1C3 /* Assets.xcassets */ = {isa = PBXFileReference; lastKnownFileType = folder.assetcatalog; path = Assets.xcassets; sourceTree = "<group>"; };
		CFB3AB18299773B30088E1C3 /* Base */ = {isa = PBXFileReference; lastKnownFileType = file.storyboard; name = Base; path = Base.lproj/LaunchScreen.storyboard; sourceTree = "<group>"; };
		CFB3AB1A299773B30088E1C3 /* Info.plist */ = {isa = PBXFileReference; lastKnownFileType = text.plist.xml; path = Info.plist; sourceTree = "<group>"; };
		CFB3AB1F299773B30088E1C3 /* padamTests.xctest */ = {isa = PBXFileReference; explicitFileType = wrapper.cfbundle; includeInIndex = 0; path = padamTests.xctest; sourceTree = BUILT_PRODUCTS_DIR; };
		CFB3AB23299773B30088E1C3 /* padamTests.swift */ = {isa = PBXFileReference; lastKnownFileType = sourcecode.swift; path = padamTests.swift; sourceTree = "<group>"; };
		CFB3AB29299773B40088E1C3 /* padamUITests.xctest */ = {isa = PBXFileReference; explicitFileType = wrapper.cfbundle; includeInIndex = 0; path = padamUITests.xctest; sourceTree = BUILT_PRODUCTS_DIR; };
		CFB3AB2D299773B40088E1C3 /* padamUITests.swift */ = {isa = PBXFileReference; lastKnownFileType = sourcecode.swift; path = padamUITests.swift; sourceTree = "<group>"; };
		CFB3AB2F299773B40088E1C3 /* padamUITestsLaunchTests.swift */ = {isa = PBXFileReference; lastKnownFileType = sourcecode.swift; path = padamUITestsLaunchTests.swift; sourceTree = "<group>"; };
		CFB3AB3D299787D40088E1C3 /* HomeViewController.swift */ = {isa = PBXFileReference; lastKnownFileType = sourcecode.swift; path = HomeViewController.swift; sourceTree = "<group>"; };
		CFB3AB3F2997884D0088E1C3 /* UpComingViewController.swift */ = {isa = PBXFileReference; lastKnownFileType = sourcecode.swift; path = UpComingViewController.swift; sourceTree = "<group>"; };
		CFB3AB41299788E30088E1C3 /* SearchViewController.swift */ = {isa = PBXFileReference; lastKnownFileType = sourcecode.swift; path = SearchViewController.swift; sourceTree = "<group>"; };
		CFB3AB43299788F60088E1C3 /* DownnloadsViewController.swift */ = {isa = PBXFileReference; lastKnownFileType = sourcecode.swift; path = DownnloadsViewController.swift; sourceTree = "<group>"; };
/* End PBXFileReference section */

/* Begin PBXFrameworksBuildPhase section */
		CFB3AB06299773B10088E1C3 /* Frameworks */ = {
			isa = PBXFrameworksBuildPhase;
			buildActionMask = 2147483647;
			files = (
			);
			runOnlyForDeploymentPostprocessing = 0;
		};
		CFB3AB1C299773B30088E1C3 /* Frameworks */ = {
			isa = PBXFrameworksBuildPhase;
			buildActionMask = 2147483647;
			files = (
			);
			runOnlyForDeploymentPostprocessing = 0;
		};
		CFB3AB26299773B40088E1C3 /* Frameworks */ = {
			isa = PBXFrameworksBuildPhase;
			buildActionMask = 2147483647;
			files = (
			);
			runOnlyForDeploymentPostprocessing = 0;
		};
/* End PBXFrameworksBuildPhase section */

/* Begin PBXGroup section */
		CFB3AB00299773B10088E1C3 = {
			isa = PBXGroup;
			children = (
				CFB3AB0B299773B10088E1C3 /* padam */,
				CFB3AB22299773B30088E1C3 /* padamTests */,
				CFB3AB2C299773B40088E1C3 /* padamUITests */,
				CFB3AB0A299773B10088E1C3 /* Products */,
			);
			sourceTree = "<group>";
		};
		CFB3AB0A299773B10088E1C3 /* Products */ = {
			isa = PBXGroup;
			children = (
				CFB3AB09299773B10088E1C3 /* padam.app */,
				CFB3AB1F299773B30088E1C3 /* padamTests.xctest */,
				CFB3AB29299773B40088E1C3 /* padamUITests.xctest */,
			);
			name = Products;
			sourceTree = "<group>";
		};
		CFB3AB0B299773B10088E1C3 /* padam */ = {
			isa = PBXGroup;
			children = (
				CFB3AB3C299787A80088E1C3 /* Controllers */,
				CFB3AB0C299773B10088E1C3 /* AppDelegate.swift */,
				CFB3AB0E299773B10088E1C3 /* SceneDelegate.swift */,
				CFB3AB10299773B10088E1C3 /* MainTabBarViewController.swift */,
				CFB3AB15299773B30088E1C3 /* Assets.xcassets */,
				CFB3AB17299773B30088E1C3 /* LaunchScreen.storyboard */,
				CFB3AB1A299773B30088E1C3 /* Info.plist */,
			);
			path = padam;
			sourceTree = "<group>";
		};
		CFB3AB22299773B30088E1C3 /* padamTests */ = {
			isa = PBXGroup;
			children = (
				CFB3AB23299773B30088E1C3 /* padamTests.swift */,
			);
			path = padamTests;
			sourceTree = "<group>";
		};
		CFB3AB2C299773B40088E1C3 /* padamUITests */ = {
			isa = PBXGroup;
			children = (
				CFB3AB2D299773B40088E1C3 /* padamUITests.swift */,
				CFB3AB2F299773B40088E1C3 /* padamUITestsLaunchTests.swift */,
			);
			path = padamUITests;
			sourceTree = "<group>";
		};
		CFB3AB3C299787A80088E1C3 /* Controllers */ = {
			isa = PBXGroup;
			children = (
				CFB3AB3D299787D40088E1C3 /* HomeViewController.swift */,
				CFB3AB3F2997884D0088E1C3 /* UpComingViewController.swift */,
				CFB3AB41299788E30088E1C3 /* SearchViewController.swift */,
				CFB3AB43299788F60088E1C3 /* DownnloadsViewController.swift */,
			);
			path = Controllers;
			sourceTree = "<group>";
		};
/* End PBXGroup section */

/* Begin PBXNativeTarget section */
		CFB3AB08299773B10088E1C3 /* padam */ = {
			isa = PBXNativeTarget;
			buildConfigurationList = CFB3AB33299773B40088E1C3 /* Build configuration list for PBXNativeTarget "padam" */;
			buildPhases = (
				CFB3AB05299773B10088E1C3 /* Sources */,
				CFB3AB06299773B10088E1C3 /* Frameworks */,
				CFB3AB07299773B10088E1C3 /* Resources */,
			);
			buildRules = (
			);
			dependencies = (
			);
			name = padam;
			productName = padam;
			productReference = CFB3AB09299773B10088E1C3 /* padam.app */;
			productType = "com.apple.product-type.application";
		};
		CFB3AB1E299773B30088E1C3 /* padamTests */ = {
			isa = PBXNativeTarget;
			buildConfigurationList = CFB3AB36299773B40088E1C3 /* Build configuration list for PBXNativeTarget "padamTests" */;
			buildPhases = (
				CFB3AB1B299773B30088E1C3 /* Sources */,
				CFB3AB1C299773B30088E1C3 /* Frameworks */,
				CFB3AB1D299773B30088E1C3 /* Resources */,
			);
			buildRules = (
			);
			dependencies = (
				CFB3AB21299773B30088E1C3 /* PBXTargetDependency */,
			);
			name = padamTests;
			productName = padamTests;
			productReference = CFB3AB1F299773B30088E1C3 /* padamTests.xctest */;
			productType = "com.apple.product-type.bundle.unit-test";
		};
		CFB3AB28299773B40088E1C3 /* padamUITests */ = {
			isa = PBXNativeTarget;
			buildConfigurationList = CFB3AB39299773B40088E1C3 /* Build configuration list for PBXNativeTarget "padamUITests" */;
			buildPhases = (
				CFB3AB25299773B40088E1C3 /* Sources */,
				CFB3AB26299773B40088E1C3 /* Frameworks */,
				CFB3AB27299773B40088E1C3 /* Resources */,
			);
			buildRules = (
			);
			dependencies = (
				CFB3AB2B299773B40088E1C3 /* PBXTargetDependency */,
			);
			name = padamUITests;
			productName = padamUITests;
			productReference = CFB3AB29299773B40088E1C3 /* padamUITests.xctest */;
			productType = "com.apple.product-type.bundle.ui-testing";
		};
/* End PBXNativeTarget section */

/* Begin PBXProject section */
		CFB3AB01299773B10088E1C3 /* Project object */ = {
			isa = PBXProject;
			attributes = {
				BuildIndependentTargetsInParallel = 1;
				LastSwiftUpdateCheck = 1420;
				LastUpgradeCheck = 1420;
				TargetAttributes = {
					CFB3AB08299773B10088E1C3 = {
						CreatedOnToolsVersion = 14.2;
					};
					CFB3AB1E299773B30088E1C3 = {
						CreatedOnToolsVersion = 14.2;
						TestTargetID = CFB3AB08299773B10088E1C3;
					};
					CFB3AB28299773B40088E1C3 = {
						CreatedOnToolsVersion = 14.2;
						TestTargetID = CFB3AB08299773B10088E1C3;
					};
				};
			};
			buildConfigurationList = CFB3AB04299773B10088E1C3 /* Build configuration list for PBXProject "padam" */;
			compatibilityVersion = "Xcode 14.0";
			developmentRegion = en;
			hasScannedForEncodings = 0;
			knownRegions = (
				en,
				Base,
			);
			mainGroup = CFB3AB00299773B10088E1C3;
			productRefGroup = CFB3AB0A299773B10088E1C3 /* Products */;
			projectDirPath = "";
			projectRoot = "";
			targets = (
				CFB3AB08299773B10088E1C3 /* padam */,
				CFB3AB1E299773B30088E1C3 /* padamTests */,
				CFB3AB28299773B40088E1C3 /* padamUITests */,
			);
		};
/* End PBXProject section */

/* Begin PBXResourcesBuildPhase section */
		CFB3AB07299773B10088E1C3 /* Resources */ = {
			isa = PBXResourcesBuildPhase;
			buildActionMask = 2147483647;
			files = (
				CFB3AB19299773B30088E1C3 /* LaunchScreen.storyboard in Resources */,
				CFB3AB16299773B30088E1C3 /* Assets.xcassets in Resources */,
			);
			runOnlyForDeploymentPostprocessing = 0;
		};
		CFB3AB1D299773B30088E1C3 /* Resources */ = {
			isa = PBXResourcesBuildPhase;
			buildActionMask = 2147483647;
			files = (
			);
			runOnlyForDeploymentPostprocessing = 0;
		};
		CFB3AB27299773B40088E1C3 /* Resources */ = {
			isa = PBXResourcesBuildPhase;
			buildActionMask = 2147483647;
			files = (
			);
			runOnlyForDeploymentPostprocessing = 0;
		};
/* End PBXResourcesBuildPhase section */

/* Begin PBXSourcesBuildPhase section */
		CFB3AB05299773B10088E1C3 /* Sources */ = {
			isa = PBXSourcesBuildPhase;
			buildActionMask = 2147483647;
			files = (
				CFB3AB44299788F60088E1C3 /* DownnloadsViewController.swift in Sources */,
				CFB3AB42299788E30088E1C3 /* SearchViewController.swift in Sources */,
				CFB3AB11299773B10088E1C3 /* MainTabBarViewController.swift in Sources */,
				CFB3AB0D299773B10088E1C3 /* AppDelegate.swift in Sources */,
				CFB3AB402997884D0088E1C3 /* UpComingViewController.swift in Sources */,
				CFB3AB0F299773B10088E1C3 /* SceneDelegate.swift in Sources */,
				CFB3AB3E299787D40088E1C3 /* HomeViewController.swift in Sources */,
			);
			runOnlyForDeploymentPostprocessing = 0;
		};
		CFB3AB1B299773B30088E1C3 /* Sources */ = {
			isa = PBXSourcesBuildPhase;
			buildActionMask = 2147483647;
			files = (
				CFB3AB24299773B30088E1C3 /* padamTests.swift in Sources */,
			);
			runOnlyForDeploymentPostprocessing = 0;
		};
		CFB3AB25299773B40088E1C3 /* Sources */ = {
			isa = PBXSourcesBuildPhase;
			buildActionMask = 2147483647;
			files = (
				CFB3AB30299773B40088E1C3 /* padamUITestsLaunchTests.swift in Sources */,
				CFB3AB2E299773B40088E1C3 /* padamUITests.swift in Sources */,
			);
			runOnlyForDeploymentPostprocessing = 0;
		};
/* End PBXSourcesBuildPhase section */

/* Begin PBXTargetDependency section */
		CFB3AB21299773B30088E1C3 /* PBXTargetDependency */ = {
			isa = PBXTargetDependency;
			target = CFB3AB08299773B10088E1C3 /* padam */;
			targetProxy = CFB3AB20299773B30088E1C3 /* PBXContainerItemProxy */;
		};
		CFB3AB2B299773B40088E1C3 /* PBXTargetDependency */ = {
			isa = PBXTargetDependency;
			target = CFB3AB08299773B10088E1C3 /* padam */;
			targetProxy = CFB3AB2A299773B40088E1C3 /* PBXContainerItemProxy */;
		};
/* End PBXTargetDependency section */

/* Begin PBXVariantGroup section */
		CFB3AB17299773B30088E1C3 /* LaunchScreen.storyboard */ = {
			isa = PBXVariantGroup;
			children = (
				CFB3AB18299773B30088E1C3 /* Base */,
			);
			name = LaunchScreen.storyboard;
			sourceTree = "<group>";
		};
/* End PBXVariantGroup section */

/* Begin XCBuildConfiguration section */
		CFB3AB31299773B40088E1C3 /* Debug */ = {
			isa = XCBuildConfiguration;
			buildSettings = {
				ALWAYS_SEARCH_USER_PATHS = NO;
				CLANG_ANALYZER_NONNULL = YES;
				CLANG_ANALYZER_NUMBER_OBJECT_CONVERSION = YES_AGGRESSIVE;
				CLANG_CXX_LANGUAGE_STANDARD = "gnu++20";
				CLANG_ENABLE_MODULES = YES;
				CLANG_ENABLE_OBJC_ARC = YES;
				CLANG_ENABLE_OBJC_WEAK = YES;
				CLANG_WARN_BLOCK_CAPTURE_AUTORELEASING = YES;
				CLANG_WARN_BOOL_CONVERSION = YES;
				CLANG_WARN_COMMA = YES;
				CLANG_WARN_CONSTANT_CONVERSION = YES;
				CLANG_WARN_DEPRECATED_OBJC_IMPLEMENTATIONS = YES;
				CLANG_WARN_DIRECT_OBJC_ISA_USAGE = YES_ERROR;
				CLANG_WARN_DOCUMENTATION_COMMENTS = YES;
				CLANG_WARN_EMPTY_BODY = YES;
				CLANG_WARN_ENUM_CONVERSION = YES;
				CLANG_WARN_INFINITE_RECURSION = YES;
				CLANG_WARN_INT_CONVERSION = YES;
				CLANG_WARN_NON_LITERAL_NULL_CONVERSION = YES;
				CLANG_WARN_OBJC_IMPLICIT_RETAIN_SELF = YES;
				CLANG_WARN_OBJC_LITERAL_CONVERSION = YES;
				CLANG_WARN_OBJC_ROOT_CLASS = YES_ERROR;
				CLANG_WARN_QUOTED_INCLUDE_IN_FRAMEWORK_HEADER = YES;
				CLANG_WARN_RANGE_LOOP_ANALYSIS = YES;
				CLANG_WARN_STRICT_PROTOTYPES = YES;
				CLANG_WARN_SUSPICIOUS_MOVE = YES;
				CLANG_WARN_UNGUARDED_AVAILABILITY = YES_AGGRESSIVE;
				CLANG_WARN_UNREACHABLE_CODE = YES;
				CLANG_WARN__DUPLICATE_METHOD_MATCH = YES;
				COPY_PHASE_STRIP = NO;
				DEBUG_INFORMATION_FORMAT = dwarf;
				ENABLE_STRICT_OBJC_MSGSEND = YES;
				ENABLE_TESTABILITY = YES;
				GCC_C_LANGUAGE_STANDARD = gnu11;
				GCC_DYNAMIC_NO_PIC = NO;
				GCC_NO_COMMON_BLOCKS = YES;
				GCC_OPTIMIZATION_LEVEL = 0;
				GCC_PREPROCESSOR_DEFINITIONS = (
					"DEBUG=1",
					"$(inherited)",
				);
				GCC_WARN_64_TO_32_BIT_CONVERSION = YES;
				GCC_WARN_ABOUT_RETURN_TYPE = YES_ERROR;
				GCC_WARN_UNDECLARED_SELECTOR = YES;
				GCC_WARN_UNINITIALIZED_AUTOS = YES_AGGRESSIVE;
				GCC_WARN_UNUSED_FUNCTION = YES;
				GCC_WARN_UNUSED_VARIABLE = YES;
				IPHONEOS_DEPLOYMENT_TARGET = 16.2;
				MTL_ENABLE_DEBUG_INFO = INCLUDE_SOURCE;
				MTL_FAST_MATH = YES;
				ONLY_ACTIVE_ARCH = YES;
				SDKROOT = iphoneos;
				SWIFT_ACTIVE_COMPILATION_CONDITIONS = DEBUG;
				SWIFT_OPTIMIZATION_LEVEL = "-Onone";
			};
			name = Debug;
		};
		CFB3AB32299773B40088E1C3 /* Release */ = {
			isa = XCBuildConfiguration;
			buildSettings = {
				ALWAYS_SEARCH_USER_PATHS = NO;
				CLANG_ANALYZER_NONNULL = YES;
				CLANG_ANALYZER_NUMBER_OBJECT_CONVERSION = YES_AGGRESSIVE;
				CLANG_CXX_LANGUAGE_STANDARD = "gnu++20";
				CLANG_ENABLE_MODULES = YES;
				CLANG_ENABLE_OBJC_ARC = YES;
				CLANG_ENABLE_OBJC_WEAK = YES;
				CLANG_WARN_BLOCK_CAPTURE_AUTORELEASING = YES;
				CLANG_WARN_BOOL_CONVERSION = YES;
				CLANG_WARN_COMMA = YES;
				CLANG_WARN_CONSTANT_CONVERSION = YES;
				CLANG_WARN_DEPRECATED_OBJC_IMPLEMENTATIONS = YES;
				CLANG_WARN_DIRECT_OBJC_ISA_USAGE = YES_ERROR;
				CLANG_WARN_DOCUMENTATION_COMMENTS = YES;
				CLANG_WARN_EMPTY_BODY = YES;
				CLANG_WARN_ENUM_CONVERSION = YES;
				CLANG_WARN_INFINITE_RECURSION = YES;
				CLANG_WARN_INT_CONVERSION = YES;
				CLANG_WARN_NON_LITERAL_NULL_CONVERSION = YES;
				CLANG_WARN_OBJC_IMPLICIT_RETAIN_SELF = YES;
				CLANG_WARN_OBJC_LITERAL_CONVERSION = YES;
				CLANG_WARN_OBJC_ROOT_CLASS = YES_ERROR;
				CLANG_WARN_QUOTED_INCLUDE_IN_FRAMEWORK_HEADER = YES;
				CLANG_WARN_RANGE_LOOP_ANALYSIS = YES;
				CLANG_WARN_STRICT_PROTOTYPES = YES;
				CLANG_WARN_SUSPICIOUS_MOVE = YES;
				CLANG_WARN_UNGUARDED_AVAILABILITY = YES_AGGRESSIVE;
				CLANG_WARN_UNREACHABLE_CODE = YES;
				CLANG_WARN__DUPLICATE_METHOD_MATCH = YES;
				COPY_PHASE_STRIP = NO;
				DEBUG_INFORMATION_FORMAT = "dwarf-with-dsym";
				ENABLE_NS_ASSERTIONS = NO;
				ENABLE_STRICT_OBJC_MSGSEND = YES;
				GCC_C_LANGUAGE_STANDARD = gnu11;
				GCC_NO_COMMON_BLOCKS = YES;
				GCC_WARN_64_TO_32_BIT_CONVERSION = YES;
				GCC_WARN_ABOUT_RETURN_TYPE = YES_ERROR;
				GCC_WARN_UNDECLARED_SELECTOR = YES;
				GCC_WARN_UNINITIALIZED_AUTOS = YES_AGGRESSIVE;
				GCC_WARN_UNUSED_FUNCTION = YES;
				GCC_WARN_UNUSED_VARIABLE = YES;
				IPHONEOS_DEPLOYMENT_TARGET = 16.2;
				MTL_ENABLE_DEBUG_INFO = NO;
				MTL_FAST_MATH = YES;
				SDKROOT = iphoneos;
				SWIFT_COMPILATION_MODE = wholemodule;
				SWIFT_OPTIMIZATION_LEVEL = "-O";
				VALIDATE_PRODUCT = YES;
			};
			name = Release;
		};
		CFB3AB34299773B40088E1C3 /* Debug */ = {
			isa = XCBuildConfiguration;
			buildSettings = {
				ASSETCATALOG_COMPILER_APPICON_NAME = AppIcon;
				ASSETCATALOG_COMPILER_GLOBAL_ACCENT_COLOR_NAME = AccentColor;
				CODE_SIGN_STYLE = Automatic;
				CURRENT_PROJECT_VERSION = 1;
				DEVELOPMENT_TEAM = GDUFB2HW9Q;
				GENERATE_INFOPLIST_FILE = YES;
				INFOPLIST_FILE = padam/Info.plist;
				INFOPLIST_KEY_UIApplicationSupportsIndirectInputEvents = YES;
				INFOPLIST_KEY_UILaunchStoryboardName = LaunchScreen;
				INFOPLIST_KEY_UIMainStoryboardFile = "";
				INFOPLIST_KEY_UISupportedInterfaceOrientations_iPad = "UIInterfaceOrientationPortrait UIInterfaceOrientationPortraitUpsideDown UIInterfaceOrientationLandscapeLeft UIInterfaceOrientationLandscapeRight";
				INFOPLIST_KEY_UISupportedInterfaceOrientations_iPhone = "UIInterfaceOrientationPortrait UIInterfaceOrientationLandscapeLeft UIInterfaceOrientationLandscapeRight";
				LD_RUNPATH_SEARCH_PATHS = (
					"$(inherited)",
					"@executable_path/Frameworks",
				);
				MARKETING_VERSION = 1.0;
				PRODUCT_BUNDLE_IDENTIFIER = www.srinathdev.me.padam;
				PRODUCT_NAME = "$(TARGET_NAME)";
				SWIFT_EMIT_LOC_STRINGS = YES;
				SWIFT_VERSION = 5.0;
				TARGETED_DEVICE_FAMILY = "1,2";
			};
			name = Debug;
		};
		CFB3AB35299773B40088E1C3 /* Release */ = {
			isa = XCBuildConfiguration;
			buildSettings = {
				ASSETCATALOG_COMPILER_APPICON_NAME = AppIcon;
				ASSETCATALOG_COMPILER_GLOBAL_ACCENT_COLOR_NAME = AccentColor;
				CODE_SIGN_STYLE = Automatic;
				CURRENT_PROJECT_VERSION = 1;
				DEVELOPMENT_TEAM = GDUFB2HW9Q;
				GENERATE_INFOPLIST_FILE = YES;
				INFOPLIST_FILE = padam/Info.plist;
				INFOPLIST_KEY_UIApplicationSupportsIndirectInputEvents = YES;
				INFOPLIST_KEY_UILaunchStoryboardName = LaunchScreen;
				INFOPLIST_KEY_UIMainStoryboardFile = "";
				INFOPLIST_KEY_UISupportedInterfaceOrientations_iPad = "UIInterfaceOrientationPortrait UIInterfaceOrientationPortraitUpsideDown UIInterfaceOrientationLandscapeLeft UIInterfaceOrientationLandscapeRight";
				INFOPLIST_KEY_UISupportedInterfaceOrientations_iPhone = "UIInterfaceOrientationPortrait UIInterfaceOrientationLandscapeLeft UIInterfaceOrientationLandscapeRight";
				LD_RUNPATH_SEARCH_PATHS = (
					"$(inherited)",
					"@executable_path/Frameworks",
				);
				MARKETING_VERSION = 1.0;
				PRODUCT_BUNDLE_IDENTIFIER = www.srinathdev.me.padam;
				PRODUCT_NAME = "$(TARGET_NAME)";
				SWIFT_EMIT_LOC_STRINGS = YES;
				SWIFT_VERSION = 5.0;
				TARGETED_DEVICE_FAMILY = "1,2";
			};
			name = Release;
		};
		CFB3AB37299773B40088E1C3 /* Debug */ = {
			isa = XCBuildConfiguration;
			buildSettings = {
				ALWAYS_EMBED_SWIFT_STANDARD_LIBRARIES = YES;
				BUNDLE_LOADER = "$(TEST_HOST)";
				CODE_SIGN_STYLE = Automatic;
				CURRENT_PROJECT_VERSION = 1;
				DEVELOPMENT_TEAM = GDUFB2HW9Q;
				GENERATE_INFOPLIST_FILE = YES;
				IPHONEOS_DEPLOYMENT_TARGET = 16.2;
				MARKETING_VERSION = 1.0;
				PRODUCT_BUNDLE_IDENTIFIER = www.srinathdev.me.padamTests;
				PRODUCT_NAME = "$(TARGET_NAME)";
				SWIFT_EMIT_LOC_STRINGS = NO;
				SWIFT_VERSION = 5.0;
				TARGETED_DEVICE_FAMILY = "1,2";
				TEST_HOST = "$(BUILT_PRODUCTS_DIR)/padam.app/$(BUNDLE_EXECUTABLE_FOLDER_PATH)/padam";
			};
			name = Debug;
		};
		CFB3AB38299773B40088E1C3 /* Release */ = {
			isa = XCBuildConfiguration;
			buildSettings = {
				ALWAYS_EMBED_SWIFT_STANDARD_LIBRARIES = YES;
				BUNDLE_LOADER = "$(TEST_HOST)";
				CODE_SIGN_STYLE = Automatic;
				CURRENT_PROJECT_VERSION = 1;
				DEVELOPMENT_TEAM = GDUFB2HW9Q;
				GENERATE_INFOPLIST_FILE = YES;
				IPHONEOS_DEPLOYMENT_TARGET = 16.2;
				MARKETING_VERSION = 1.0;
				PRODUCT_BUNDLE_IDENTIFIER = www.srinathdev.me.padamTests;
				PRODUCT_NAME = "$(TARGET_NAME)";
				SWIFT_EMIT_LOC_STRINGS = NO;
				SWIFT_VERSION = 5.0;
				TARGETED_DEVICE_FAMILY = "1,2";
				TEST_HOST = "$(BUILT_PRODUCTS_DIR)/padam.app/$(BUNDLE_EXECUTABLE_FOLDER_PATH)/padam";
			};
			name = Release;
		};
		CFB3AB3A299773B40088E1C3 /* Debug */ = {
			isa = XCBuildConfiguration;
			buildSettings = {
				ALWAYS_EMBED_SWIFT_STANDARD_LIBRARIES = YES;
				CODE_SIGN_STYLE = Automatic;
				CURRENT_PROJECT_VERSION = 1;
				DEVELOPMENT_TEAM = GDUFB2HW9Q;
				GENERATE_INFOPLIST_FILE = YES;
				MARKETING_VERSION = 1.0;
				PRODUCT_BUNDLE_IDENTIFIER = www.srinathdev.me.padamUITests;
				PRODUCT_NAME = "$(TARGET_NAME)";
				SWIFT_EMIT_LOC_STRINGS = NO;
				SWIFT_VERSION = 5.0;
				TARGETED_DEVICE_FAMILY = "1,2";
				TEST_TARGET_NAME = padam;
			};
			name = Debug;
		};
		CFB3AB3B299773B40088E1C3 /* Release */ = {
			isa = XCBuildConfiguration;
			buildSettings = {
				ALWAYS_EMBED_SWIFT_STANDARD_LIBRARIES = YES;
				CODE_SIGN_STYLE = Automatic;
				CURRENT_PROJECT_VERSION = 1;
				DEVELOPMENT_TEAM = GDUFB2HW9Q;
				GENERATE_INFOPLIST_FILE = YES;
				MARKETING_VERSION = 1.0;
				PRODUCT_BUNDLE_IDENTIFIER = www.srinathdev.me.padamUITests;
				PRODUCT_NAME = "$(TARGET_NAME)";
				SWIFT_EMIT_LOC_STRINGS = NO;
				SWIFT_VERSION = 5.0;
				TARGETED_DEVICE_FAMILY = "1,2";
				TEST_TARGET_NAME = padam;
			};
			name = Release;
		};
/* End XCBuildConfiguration section */

/* Begin XCConfigurationList section */
		CFB3AB04299773B10088E1C3 /* Build configuration list for PBXProject "padam" */ = {
			isa = XCConfigurationList;
			buildConfigurations = (
				CFB3AB31299773B40088E1C3 /* Debug */,
				CFB3AB32299773B40088E1C3 /* Release */,
			);
			defaultConfigurationIsVisible = 0;
			defaultConfigurationName = Release;
		};
		CFB3AB33299773B40088E1C3 /* Build configuration list for PBXNativeTarget "padam" */ = {
			isa = XCConfigurationList;
			buildConfigurations = (
				CFB3AB34299773B40088E1C3 /* Debug */,
				CFB3AB35299773B40088E1C3 /* Release */,
			);
			defaultConfigurationIsVisible = 0;
			defaultConfigurationName = Release;
		};
		CFB3AB36299773B40088E1C3 /* Build configuration list for PBXNativeTarget "padamTests" */ = {
			isa = XCConfigurationList;
			buildConfigurations = (
				CFB3AB37299773B40088E1C3 /* Debug */,
				CFB3AB38299773B40088E1C3 /* Release */,
			);
			defaultConfigurationIsVisible = 0;
			defaultConfigurationName = Release;
		};
		CFB3AB39299773B40088E1C3 /* Build configuration list for PBXNativeTarget "padamUITests" */ = {
			isa = XCConfigurationList;
			buildConfigurations = (
				CFB3AB3A299773B40088E1C3 /* Debug */,
				CFB3AB3B299773B40088E1C3 /* Release */,
			);
			defaultConfigurationIsVisible = 0;
			defaultConfigurationName = Release;
		};
/* End XCConfigurationList section */
	};
	rootObject = CFB3AB01299773B10088E1C3 /* Project object */;
}
